
Microsoft Visual Studio Solution File, Format Version 12.00
# Visual Studio Version 17
VisualStudioVersion = 17.4.33213.308
MinimumVisualStudioVersion = 10.0.40219.1
Project("{FAE04EC0-301F-11D3-BF4B-00C04F79EFBC}") = "Hoja de trabajo 13,04,23", "Hoja de trabajo 13,04,23\Hoja de trabajo 13,04,23.csproj", "{3B9C1D2E-6BCC-4788-BEB6-348B78B739F9}"
EndProject
Global
	GlobalSection(SolutionConfigurationPlatforms) = preSolution
		Debug|Any CPU = Debug|Any CPU
		Release|Any CPU = Release|Any CPU
	EndGlobalSection
	GlobalSection(ProjectConfigurationPlatforms) = postSolution
		{3B9C1D2E-6BCC-4788-BEB6-348B78B739F9}.Debug|Any CPU.ActiveCfg = Debug|Any CPU
		{3B9C1D2E-6BCC-4788-BEB6-348B78B739F9}.Debug|Any CPU.Build.0 = Debug|Any CPU
		{3B9C1D2E-6BCC-4788-BEB6-348B78B739F9}.Release|Any CPU.ActiveCfg = Release|Any CPU
		{3B9C1D2E-6BCC-4788-BEB6-348B78B739F9}.Release|Any CPU.Build.0 = Release|Any CPU
	EndGlobalSection
	GlobalSection(SolutionProperties) = preSolution
		HideSolutionNode = FALSE
	EndGlobalSection
	GlobalSection(ExtensibilityGlobals) = postSolution
		SolutionGuid = {28A2FB7F-372C-48ED-8B79-CB3974EFEF6D}
	EndGlobalSection
EndGlobal
